# THIS IS AN AUTOGENERATED FILE. DO NOT EDIT THIS FILE DIRECTLY.
# yarn lockfile v1


"@sentry/core@7.5.1":
  version "7.5.1"
  resolved "https://registry.yarnpkg.com/@sentry/core/-/core-7.5.1.tgz#6ad186e671d0398dfa4552a2e5686bff6c1938d3"
  integrity sha512-1ac5eaJi9LBIpCaert+IrttyaL8rnrK5fcdB6tyqDf8jNV5s9O32PyqjvjpWCrGOvZ4kmp+6UXB9bw/NNtvpkQ==
  dependencies:
    "@sentry/hub" "7.5.1"
    "@sentry/types" "7.5.1"
    "@sentry/utils" "7.5.1"
    tslib "^1.9.3"

"@sentry/hub@7.5.1":
  version "7.5.1"
  resolved "https://registry.yarnpkg.com/@sentry/hub/-/hub-7.5.1.tgz#15817d30aec9e4c1b1bbf7ded6735813f8613e66"
  integrity sha512-q14zzf5GlE4xvwFP7lZaAI4UnuqWMc3nD62Md5XBptY35bm42CGzawx9aDQ8cegZoQ5bHyX1GPzFju4lDO3O6g==
  dependencies:
    "@sentry/types" "7.5.1"
    "@sentry/utils" "7.5.1"
    tslib "^1.9.3"

"@sentry/node@^7.5.1":
  version "7.5.1"
  resolved "https://registry.yarnpkg.com/@sentry/node/-/node-7.5.1.tgz#b0c94ed4bc24891c51809e75199e6d1f8de284f2"
  integrity sha512-XSpNbxBVIpcklLpk9NtQSkTZM0/mEj0TYMnzQmE2UR7UChpGhZyc19nbQWceSsaLMrrAgOX4Zzo28ENk/QY5FA==
  dependencies:
    "@sentry/core" "7.5.1"
    "@sentry/hub" "7.5.1"
    "@sentry/types" "7.5.1"
    "@sentry/utils" "7.5.1"
    cookie "^0.4.1"
    https-proxy-agent "^5.0.0"
    lru_map "^0.3.3"
    tslib "^1.9.3"

"@sentry/tracing@^7.5.1":
  version "7.5.1"
  resolved "https://registry.yarnpkg.com/@sentry/tracing/-/tracing-7.5.1.tgz#86aca47db8de2c940ca587fb771acd2a88bff815"
  integrity sha512-fOmzTk3/mTKF5d1P43yZ29lc5z/1wyL2+qX+N5rLluIeR6dEYISyjFistK8z1esMCCvJu8/x3u0imbrrFDNx0Q==
  dependencies:
    "@sentry/hub" "7.5.1"
    "@sentry/types" "7.5.1"
    "@sentry/utils" "7.5.1"
    tslib "^1.9.3"

"@sentry/types@7.5.1":
  version "7.5.1"
  resolved "https://registry.yarnpkg.com/@sentry/types/-/types-7.5.1.tgz#3dd647973fee256588f92d3d74d8ce560b73758b"
  integrity sha512-+OHxQL4lXCEsUA31qlhcPABOjxtbuL+VTpgamXJjxEpQQDPUPyPK0pu7c+uTc7x4Re96Ss3pwUYE9tl3WW3xIg==

"@sentry/utils@7.5.1":
  version "7.5.1"
  resolved "https://registry.yarnpkg.com/@sentry/utils/-/utils-7.5.1.tgz#10877a19372040ebf5bc0342fed69b8147a8d269"
  integrity sha512-5w5dEDilAkH/4x5h8VMlfFcGKdDQ8tbSEfxnMOheD3/bwk18lTVTgp6kk+VxmugGdvxsTLiPEoORsuofufWvGQ==
  dependencies:
    "@sentry/types" "7.5.1"
    tslib "^1.9.3"

"@socket.io/component-emitter@~3.1.0":
  version "3.1.0"
  resolved "https://registry.yarnpkg.com/@socket.io/component-emitter/-/component-emitter-3.1.0.tgz#96116f2a912e0c02817345b3c10751069920d553"
  integrity sha512-+9jVqKhRSpsc591z5vX+X5Yyw+he/HCB4iQ/RYxw35CEPaY1gnsNE43nf9n9AaYjAQrTiI/mOwKUKdUs9vf7Xg==

"@tsconfig/node14@^1.0.3":
  version "1.0.3"
  resolved "https://registry.yarnpkg.com/@tsconfig/node14/-/node14-1.0.3.tgz#e4386316284f00b98435bf40f72f75a09dabf6c1"
  integrity sha512-ysT8mhdixWK6Hw3i1V2AeRqZ5WfXg1G43mqoYlM2nc6388Fq5jcXyr5mRsqViLx/GJYdoL0bfXD8nmF+Zn/Iow==

"@types/node@^14":
  version "14.18.21"
  resolved "https://registry.yarnpkg.com/@types/node/-/node-14.18.21.tgz#0155ee46f6be28b2ff0342ca1a9b9fd4468bef41"
  integrity sha512-x5W9s+8P4XteaxT/jKF0PSb7XEvo5VmqEWgsMlyeY4ZlLK8I6aH6g5TPPyDlLAep+GYf4kefb7HFyc7PAO3m+Q==

agent-base@6:
  version "6.0.2"
  resolved "https://registry.yarnpkg.com/agent-base/-/agent-base-6.0.2.tgz#49fff58577cfee3f37176feab4c22e00f86d7f77"
  integrity sha512-RZNwNclF7+MS/8bDg70amg32dyeZGZxiDuQmZxKLAlQjr3jGyLx+4Kkk58UO7D2QdgFIQCovuSuZESne6RG6XQ==
  dependencies:
    debug "4"

cookie@^0.4.1:
  version "0.4.2"
  resolved "https://registry.yarnpkg.com/cookie/-/cookie-0.4.2.tgz#0e41f24de5ecf317947c82fc789e06a884824432"
  integrity sha512-aSWTXFzaKWkvHO1Ny/s+ePFpvKsPnjc551iI41v3ny/ow6tBG5Vd+FuqGNhh1LxOmVzOlGUriIlOaokOvhaStA==

debug@4, debug@~4.3.1, debug@~4.3.2:
  version "4.3.4"
  resolved "https://registry.yarnpkg.com/debug/-/debug-4.3.4.tgz#1319f6579357f2338d3337d2cdd4914bb5dcc865"
  integrity sha512-PRWFHuSU3eDtQJPvnNY7Jcket1j0t5OuOsFzPPzsekD52Zl8qUfFIPEiswXqIvHWGVHOgX+7G/vCNNhehwxfkQ==
  dependencies:
    ms "2.1.2"

engine.io-client@~6.2.1:
  version "6.2.2"
  resolved "https://registry.yarnpkg.com/engine.io-client/-/engine.io-client-6.2.2.tgz#c6c5243167f5943dcd9c4abee1bfc634aa2cbdd0"
  integrity sha512-8ZQmx0LQGRTYkHuogVZuGSpDqYZtCM/nv8zQ68VZ+JkOpazJ7ICdsSpaO6iXwvaU30oFg5QJOJWj8zWqhbKjkQ==
  dependencies:
    "@socket.io/component-emitter" "~3.1.0"
    debug "~4.3.1"
    engine.io-parser "~5.0.3"
    ws "~8.2.3"
    xmlhttprequest-ssl "~2.0.0"

engine.io-parser@~5.0.3:
  version "5.0.4"
  resolved "https://registry.yarnpkg.com/engine.io-parser/-/engine.io-parser-5.0.4.tgz#0b13f704fa9271b3ec4f33112410d8f3f41d0fc0"
  integrity sha512-+nVFp+5z1E3HcToEnO7ZIj3g+3k9389DvWtvJZz0T6/eOCPIyyxehFcedoYrZQrp0LgQbD9pPXhpMBKMd5QURg==

eventemitter3@^4.0.7:
  version "4.0.7"
  resolved "https://registry.yarnpkg.com/eventemitter3/-/eventemitter3-4.0.7.tgz#2de9b68f6528d5644ef5c59526a1b4a07306169f"
  integrity sha512-8guHBZCwKnFhYdHr2ysuRWErTwhoN2X8XELRlrRwpmfeY2jjuUN4taQMsULKUVo1K4DvZl+0pgfyoysHxvmvEw==

https-proxy-agent@^5.0.0:
  version "5.0.1"
  resolved "https://registry.yarnpkg.com/https-proxy-agent/-/https-proxy-agent-5.0.1.tgz#c59ef224a04fe8b754f3db0063a25ea30d0005d6"
  integrity sha512-dFcAjpTQFgoLMzC2VwU+C/CbS7uRL0lWmxDITmqm7C+7F0Odmj6s9l6alZc6AELXhrnggM2CeWSXHGOdX2YtwA==
  dependencies:
    agent-base "6"
    debug "4"

lru_map@^0.3.3:
  version "0.3.3"
  resolved "https://registry.yarnpkg.com/lru_map/-/lru_map-0.3.3.tgz#b5c8351b9464cbd750335a79650a0ec0e56118dd"
  integrity sha512-Pn9cox5CsMYngeDbmChANltQl+5pi6XmTrraMSzhPmMBbmgcxmqWry0U3PGapCU1yB4/LqCcom7qhHZiF/jGfQ==

ms@2.1.2:
  version "2.1.2"
  resolved "https://registry.yarnpkg.com/ms/-/ms-2.1.2.tgz#d09d1f357b443f493382a8eb3ccd183872ae6009"
  integrity sha512-sGkPx+VjMtmA6MX27oA4FBFELFCZZ4S4XqeGOXCv68tT+jb3vk/RyaKWP0PTKyWtmLSM0b+adUTEvbs1PEaH2w==

p-queue@^7.1.0:
  version "7.2.0"
  resolved "https://registry.yarnpkg.com/p-queue/-/p-queue-7.2.0.tgz#e1430e4432f09b43aa8b4913d4c2ff7fdd685479"
  integrity sha512-Kvv7p13M46lTYLQ/PsZdaj/1Vj6u/8oiIJgyQyx4oVkOfHdd7M2EZvXigDvcsSzRwanCzQirV5bJPQFoSQt5MA==
  dependencies:
    eventemitter3 "^4.0.7"
    p-timeout "^5.0.2"

p-timeout@^5.0.2, p-timeout@^5.1.0:
  version "5.1.0"
  resolved "https://registry.yarnpkg.com/p-timeout/-/p-timeout-5.1.0.tgz#b3c691cf4415138ce2d9cfe071dba11f0fee085b"
  integrity sha512-auFDyzzzGZZZdHz3BtET9VEz0SE/uMEAx7uWfGPucfzEwwe/xH0iVeZibQmANYE/hp9T2+UUZT5m+BKyrDp3Ew==

socket.io-client@^4.5.1:
  version "4.5.1"
  resolved "https://registry.yarnpkg.com/socket.io-client/-/socket.io-client-4.5.1.tgz#cab8da71976a300d3090414e28c2203a47884d84"
  integrity sha512-e6nLVgiRYatS+AHXnOnGi4ocOpubvOUCGhyWw8v+/FxW8saHkinG6Dfhi9TU0Kt/8mwJIAASxvw6eujQmjdZVA==
  dependencies:
    "@socket.io/component-emitter" "~3.1.0"
    debug "~4.3.2"
    engine.io-client "~6.2.1"
    socket.io-parser "~4.2.0"

socket.io-parser@~4.2.0:
  version "4.2.1"
  resolved "https://registry.yarnpkg.com/socket.io-parser/-/socket.io-parser-4.2.1.tgz#01c96efa11ded938dcb21cbe590c26af5eff65e5"
  integrity sha512-V4GrkLy+HeF1F/en3SpUaM+7XxYXpuMUWLGde1kSSh5nQMN4hLrbPIkD+otwh6q9R6NOQBN4AMaOZ2zVjui82g==
  dependencies:
    "@socket.io/component-emitter" "~3.1.0"
    debug "~4.3.1"

tslib@^1.9.3:
  version "1.14.1"
  resolved "https://registry.yarnpkg.com/tslib/-/tslib-1.14.1.tgz#cf2d38bdc34a134bcaf1091c41f6619e2f672d00"
  integrity sha512-Xni35NKzjgMrwevysHTCArtLDpPvye8zV/0E4EyYn43P7/7qvQwPh9BGkHewbMulVntbigmcT7rdX3BNo9wRJg==

tslib@^2.4.0:
  version "2.4.0"
  resolved "https://registry.yarnpkg.com/tslib/-/tslib-2.4.0.tgz#7cecaa7f073ce680a05847aa77be941098f36dc3"
  integrity sha512-d6xOpEDfsi2CZVlPQzGeux8XMwLT9hssAsaPYExaQMuYskwb+x1x7J371tWlbBdWHroy99KnVB6qIkUbs5X3UQ==

typescript@~4.7.4:
  version "4.7.4"
  resolved "https://registry.yarnpkg.com/typescript/-/typescript-4.7.4.tgz#1a88596d1cf47d59507a1bcdfb5b9dfe4d488235"
  integrity sha512-C0WQT0gezHuw6AdY1M2jxUO83Rjf0HP7Sk1DtXj6j1EwkQNZrHAg2XPWlq62oqEhYvONq5pkC2Y9oPljWToLmQ==

ws@~8.2.3:
  version "8.2.3"
  resolved "https://registry.yarnpkg.com/ws/-/ws-8.2.3.tgz#63a56456db1b04367d0b721a0b80cae6d8becbba"
  integrity sha512-wBuoj1BDpC6ZQ1B7DWQBYVLphPWkm8i9Y0/3YdHjHKHiohOJ1ws+3OccDWtH+PoC9DZD5WOTrJvNbWvjS6JWaA==

xmlhttprequest-ssl@~2.0.0:
  version "2.0.0"
  resolved "https://registry.yarnpkg.com/xmlhttprequest-ssl/-/xmlhttprequest-ssl-2.0.0.tgz#91360c86b914e67f44dce769180027c0da618c67"
  integrity sha512-QKxVRxiRACQcVuQEYFsI1hhkrMlrXHPegbbd1yn9UHOmRxY+si12nQYzri3vbzt8VdTTRviqcKxcyllFas5z2A==
